
Microsoft Visual Studio Solution File, Format Version 12.00
# Visual Studio Version 17
VisualStudioVersion = 17.4.33403.182
MinimumVisualStudioVersion = 10.0.40219.1
Project("{8BC9CEB8-8B4A-11D0-8D11-00A0C91BC942}") = "IAProject2", "IAProject2.vcxproj", "{F05A9538-61AF-4DF0-B9EF-C2925B79CF2E}"
EndProject
Global
	GlobalSection(SolutionConfigurationPlatforms) = preSolution
		Debug|x64 = Debug|x64
		Debug|x86 = Debug|x86
		Release|x64 = Release|x64
		Release|x86 = Release|x86
	EndGlobalSection
	GlobalSection(ProjectConfigurationPlatforms) = postSolution
		{F05A9538-61AF-4DF0-B9EF-C2925B79CF2E}.Debug|x64.ActiveCfg = Debug|x64
		{F05A9538-61AF-4DF0-B9EF-C2925B79CF2E}.Debug|x64.Build.0 = Debug|x64
		{F05A9538-61AF-4DF0-B9EF-C2925B79CF2E}.Debug|x86.ActiveCfg = Debug|Win32
		{F05A9538-61AF-4DF0-B9EF-C2925B79CF2E}.Debug|x86.Build.0 = Debug|Win32
		{F05A9538-61AF-4DF0-B9EF-C2925B79CF2E}.Release|x64.ActiveCfg = Release|x64
		{F05A9538-61AF-4DF0-B9EF-C2925B79CF2E}.Release|x64.Build.0 = Release|x64
		{F05A9538-61AF-4DF0-B9EF-C2925B79CF2E}.Release|x86.ActiveCfg = Release|Win32
		{F05A9538-61AF-4DF0-B9EF-C2925B79CF2E}.Release|x86.Build.0 = Release|Win32
	EndGlobalSection
	GlobalSection(SolutionProperties) = preSolution
		HideSolutionNode = FALSE
	EndGlobalSection
	GlobalSection(ExtensibilityGlobals) = postSolution
		SolutionGuid = {F19A4E0F-4067-43F0-BEC0-8EFC23EE274F}
	EndGlobalSection
EndGlobal
